// !$*UTF8*$!
{
	archiveVersion = 1;
	classes = {
	};
	objectVersion = 50;
	objects = {

/* Begin PBXBuildFile section */
		E747D0C4230E82900099E1D4 /* AppDelegate.swift in Sources */ = {isa = PBXBuildFile; fileRef = E747D0C3230E82900099E1D4 /* AppDelegate.swift */; };
		E747D0C6230E82900099E1D4 /* ViewController.swift in Sources */ = {isa = PBXBuildFile; fileRef = E747D0C5230E82900099E1D4 /* ViewController.swift */; };
		E747D0C9230E82900099E1D4 /* Main.storyboard in Resources */ = {isa = PBXBuildFile; fileRef = E747D0C7230E82900099E1D4 /* Main.storyboard */; };
		E747D0CB230E82920099E1D4 /* Assets.xcassets in Resources */ = {isa = PBXBuildFile; fileRef = E747D0CA230E82920099E1D4 /* Assets.xcassets */; };
		E747D0CE230E82920099E1D4 /* LaunchScreen.storyboard in Resources */ = {isa = PBXBuildFile; fileRef = E747D0CC230E82920099E1D4 /* LaunchScreen.storyboard */; };
		E77E0C342338C4F500883052 /* AudioInputMapper.mm in Sources */ = {isa = PBXBuildFile; fileRef = E77E0C332338C4F500883052 /* AudioInputMapper.mm */; };
		E7855B7C230E845E000FB9BD /* bunny.mp4 in Resources */ = {isa = PBXBuildFile; fileRef = E7855B7B230E845E000FB9BD /* bunny.mp4 */; };
		E7855B7E230E866B000FB9BD /* sound.wav in Resources */ = {isa = PBXBuildFile; fileRef = E7855B7D230E866B000FB9BD /* sound.wav */; };
/* End PBXBuildFile section */

/* Begin PBXCopyFilesBuildPhase section */
		E70FB2DF232679C0008432EF /* Embed Frameworks */ = {
			isa = PBXCopyFilesBuildPhase;
			buildActionMask = 2147483647;
			dstPath = "";
			dstSubfolderSpec = 10;
			files = (
			);
			name = "Embed Frameworks";
			runOnlyForDeploymentPostprocessing = 0;
		};
/* End PBXCopyFilesBuildPhase section */

/* Begin PBXFileReference section */
		E747D0C0230E82900099E1D4 /* AudioKitSampleRate.app */ = {isa = PBXFileReference; explicitFileType = wrapper.application; includeInIndex = 0; path = AudioKitSampleRate.app; sourceTree = BUILT_PRODUCTS_DIR; };
		E747D0C3230E82900099E1D4 /* AppDelegate.swift */ = {isa = PBXFileReference; lastKnownFileType = sourcecode.swift; path = AppDelegate.swift; sourceTree = "<group>"; };
		E747D0C5230E82900099E1D4 /* ViewController.swift */ = {isa = PBXFileReference; lastKnownFileType = sourcecode.swift; path = ViewController.swift; sourceTree = "<group>"; };
		E747D0C8230E82900099E1D4 /* Base */ = {isa = PBXFileReference; lastKnownFileType = file.storyboard; name = Base; path = Base.lproj/Main.storyboard; sourceTree = "<group>"; };
		E747D0CA230E82920099E1D4 /* Assets.xcassets */ = {isa = PBXFileReference; lastKnownFileType = folder.assetcatalog; path = Assets.xcassets; sourceTree = "<group>"; };
		E747D0CD230E82920099E1D4 /* Base */ = {isa = PBXFileReference; lastKnownFileType = file.storyboard; name = Base; path = Base.lproj/LaunchScreen.storyboard; sourceTree = "<group>"; };
		E747D0CF230E82920099E1D4 /* Info.plist */ = {isa = PBXFileReference; lastKnownFileType = text.plist.xml; path = Info.plist; sourceTree = "<group>"; };
		E77E0C312338C4F400883052 /* AudioKitSampleRate-Bridging-Header.h */ = {isa = PBXFileReference; lastKnownFileType = sourcecode.c.h; path = "AudioKitSampleRate-Bridging-Header.h"; sourceTree = "<group>"; };
		E77E0C322338C4F500883052 /* AudioInputMapper.h */ = {isa = PBXFileReference; lastKnownFileType = sourcecode.c.h; path = AudioInputMapper.h; sourceTree = "<group>"; };
		E77E0C332338C4F500883052 /* AudioInputMapper.mm */ = {isa = PBXFileReference; lastKnownFileType = sourcecode.cpp.objcpp; path = AudioInputMapper.mm; sourceTree = "<group>"; };
		E7855B7B230E845E000FB9BD /* bunny.mp4 */ = {isa = PBXFileReference; lastKnownFileType = file; path = bunny.mp4; sourceTree = "<group>"; };
		E7855B7D230E866B000FB9BD /* sound.wav */ = {isa = PBXFileReference; lastKnownFileType = audio.wav; path = sound.wav; sourceTree = "<group>"; };
/* End PBXFileReference section */

/* Begin PBXFrameworksBuildPhase section */
		E747D0BD230E82900099E1D4 /* Frameworks */ = {
			isa = PBXFrameworksBuildPhase;
			buildActionMask = 2147483647;
			files = (
			);
			runOnlyForDeploymentPostprocessing = 0;
		};
/* End PBXFrameworksBuildPhase section */

/* Begin PBXGroup section */
		E747D0B7230E82900099E1D4 = {
			isa = PBXGroup;
			children = (
				E747D0C2230E82900099E1D4 /* AudioKitSampleRate */,
				E747D0C1230E82900099E1D4 /* Products */,
			);
			sourceTree = "<group>";
			wrapsLines = 0;
		};
		E747D0C1230E82900099E1D4 /* Products */ = {
			isa = PBXGroup;
			children = (
				E747D0C0230E82900099E1D4 /* AudioKitSampleRate.app */,
			);
			name = Products;
			sourceTree = "<group>";
		};
		E747D0C2230E82900099E1D4 /* AudioKitSampleRate */ = {
			isa = PBXGroup;
			children = (
				E7855B7D230E866B000FB9BD /* sound.wav */,
				E7855B7B230E845E000FB9BD /* bunny.mp4 */,
				E747D0C3230E82900099E1D4 /* AppDelegate.swift */,
				E747D0C5230E82900099E1D4 /* ViewController.swift */,
				E747D0C7230E82900099E1D4 /* Main.storyboard */,
				E747D0CA230E82920099E1D4 /* Assets.xcassets */,
				E747D0CC230E82920099E1D4 /* LaunchScreen.storyboard */,
				E747D0CF230E82920099E1D4 /* Info.plist */,
				E77E0C322338C4F500883052 /* AudioInputMapper.h */,
				E77E0C332338C4F500883052 /* AudioInputMapper.mm */,
				E77E0C312338C4F400883052 /* AudioKitSampleRate-Bridging-Header.h */,
			);
			path = AudioKitSampleRate;
			sourceTree = "<group>";
		};
/* End PBXGroup section */

/* Begin PBXNativeTarget section */
		E747D0BF230E82900099E1D4 /* AudioKitSampleRate */ = {
			isa = PBXNativeTarget;
			buildConfigurationList = E747D0D2230E82920099E1D4 /* Build configuration list for PBXNativeTarget "AudioKitSampleRate" */;
			buildPhases = (
				E747D0BC230E82900099E1D4 /* Sources */,
				E747D0BD230E82900099E1D4 /* Frameworks */,
				E747D0BE230E82900099E1D4 /* Resources */,
				E70FB2DF232679C0008432EF /* Embed Frameworks */,
			);
			buildRules = (
			);
			dependencies = (
			);
			name = AudioKitSampleRate;
			productName = AudioKitSampleRate;
			productReference = E747D0C0230E82900099E1D4 /* AudioKitSampleRate.app */;
			productType = "com.apple.product-type.application";
		};
/* End PBXNativeTarget section */

/* Begin PBXProject section */
		E747D0B8230E82900099E1D4 /* Project object */ = {
			isa = PBXProject;
			attributes = {
				LastSwiftUpdateCheck = 1030;
				LastUpgradeCheck = 1030;
				ORGANIZATIONNAME = nomad5;
				TargetAttributes = {
					E747D0BF230E82900099E1D4 = {
						CreatedOnToolsVersion = 10.3;
						LastSwiftMigration = 1030;
					};
				};
			};
			buildConfigurationList = E747D0BB230E82900099E1D4 /* Build configuration list for PBXProject "AudioKitSampleRate" */;
			compatibilityVersion = "Xcode 9.3";
			developmentRegion = en;
			hasScannedForEncodings = 0;
			knownRegions = (
				en,
				Base,
			);
			mainGroup = E747D0B7230E82900099E1D4;
			productRefGroup = E747D0C1230E82900099E1D4 /* Products */;
			projectDirPath = "";
			projectRoot = "";
			targets = (
				E747D0BF230E82900099E1D4 /* AudioKitSampleRate */,
			);
		};
/* End PBXProject section */

/* Begin PBXResourcesBuildPhase section */
		E747D0BE230E82900099E1D4 /* Resources */ = {
			isa = PBXResourcesBuildPhase;
			buildActionMask = 2147483647;
			files = (
				E7855B7E230E866B000FB9BD /* sound.wav in Resources */,
				E7855B7C230E845E000FB9BD /* bunny.mp4 in Resources */,
				E747D0CE230E82920099E1D4 /* LaunchScreen.storyboard in Resources */,
				E747D0CB230E82920099E1D4 /* Assets.xcassets in Resources */,
				E747D0C9230E82900099E1D4 /* Main.storyboard in Resources */,
			);
			runOnlyForDeploymentPostprocessing = 0;
		};
/* End PBXResourcesBuildPhase section */

/* Begin PBXSourcesBuildPhase section */
		E747D0BC230E82900099E1D4 /* Sources */ = {
			isa = PBXSourcesBuildPhase;
			buildActionMask = 2147483647;
			files = (
				E77E0C342338C4F500883052 /* AudioInputMapper.mm in Sources */,
				E747D0C6230E82900099E1D4 /* ViewController.swift in Sources */,
				E747D0C4230E82900099E1D4 /* AppDelegate.swift in Sources */,
			);
			runOnlyForDeploymentPostprocessing = 0;
		};
/* End PBXSourcesBuildPhase section */

/* Begin PBXVariantGroup section */
		E747D0C7230E82900099E1D4 /* Main.storyboard */ = {
			isa = PBXVariantGroup;
			children = (
				E747D0C8230E82900099E1D4 /* Base */,
			);
			name = Main.storyboard;
			sourceTree = "<group>";
		};
		E747D0CC230E82920099E1D4 /* LaunchScreen.storyboard */ = {
			isa = PBXVariantGroup;
			children = (
				E747D0CD230E82920099E1D4 /* Base */,
			);
			name = LaunchScreen.storyboard;
			sourceTree = "<group>";
		};
/* End PBXVariantGroup section */

/* Begin XCBuildConfiguration section */
		E747D0D0230E82920099E1D4 /* Debug */ = {
			isa = XCBuildConfiguration;
			buildSettings = {
				ALWAYS_SEARCH_USER_PATHS = NO;
				CLANG_ANALYZER_NONNULL = YES;
				CLANG_ANALYZER_NUMBER_OBJECT_CONVERSION = YES_AGGRESSIVE;
				CLANG_CXX_LANGUAGE_STANDARD = "gnu++14";
				CLANG_CXX_LIBRARY = "libc++";
				CLANG_ENABLE_MODULES = YES;
				CLANG_ENABLE_OBJC_ARC = YES;
				CLANG_ENABLE_OBJC_WEAK = YES;
				CLANG_WARN_BLOCK_CAPTURE_AUTORELEASING = YES;
				CLANG_WARN_BOOL_CONVERSION = YES;
				CLANG_WARN_COMMA = YES;
				CLANG_WARN_CONSTANT_CONVERSION = YES;
				CLANG_WARN_DEPRECATED_OBJC_IMPLEMENTATIONS = YES;
				CLANG_WARN_DIRECT_OBJC_ISA_USAGE = YES_ERROR;
				CLANG_WARN_DOCUMENTATION_COMMENTS = YES;
				CLANG_WARN_EMPTY_BODY = YES;
				CLANG_WARN_ENUM_CONVERSION = YES;
				CLANG_WARN_INFINITE_RECURSION = YES;
				CLANG_WARN_INT_CONVERSION = YES;
				CLANG_WARN_NON_LITERAL_NULL_CONVERSION = YES;
				CLANG_WARN_OBJC_IMPLICIT_RETAIN_SELF = YES;
				CLANG_WARN_OBJC_LITERAL_CONVERSION = YES;
				CLANG_WARN_OBJC_ROOT_CLASS = YES_ERROR;
				CLANG_WARN_RANGE_LOOP_ANALYSIS = YES;
				CLANG_WARN_STRICT_PROTOTYPES = YES;
				CLANG_WARN_SUSPICIOUS_MOVE = YES;
				CLANG_WARN_UNGUARDED_AVAILABILITY = YES_AGGRESSIVE;
				CLANG_WARN_UNREACHABLE_CODE = YES;
				CLANG_WARN__DUPLICATE_METHOD_MATCH = YES;
				CODE_SIGN_IDENTITY = "iPhone Developer";
				COPY_PHASE_STRIP = NO;
				DEBUG_INFORMATION_FORMAT = dwarf;
				ENABLE_STRICT_OBJC_MSGSEND = YES;
				ENABLE_TESTABILITY = YES;
				GCC_C_LANGUAGE_STANDARD = gnu11;
				GCC_DYNAMIC_NO_PIC = NO;
				GCC_NO_COMMON_BLOCKS = YES;
				GCC_OPTIMIZATION_LEVEL = 0;
				GCC_PREPROCESSOR_DEFINITIONS = (
					"DEBUG=1",
					"$(inherited)",
				);
				GCC_WARN_64_TO_32_BIT_CONVERSION = YES;
				GCC_WARN_ABOUT_RETURN_TYPE = YES_ERROR;
				GCC_WARN_UNDECLARED_SELECTOR = YES;
				GCC_WARN_UNINITIALIZED_AUTOS = YES_AGGRESSIVE;
				GCC_WARN_UNUSED_FUNCTION = YES;
				GCC_WARN_UNUSED_VARIABLE = YES;
				IPHONEOS_DEPLOYMENT_TARGET = 12.4;
				MTL_ENABLE_DEBUG_INFO = INCLUDE_SOURCE;
				MTL_FAST_MATH = YES;
				ONLY_ACTIVE_ARCH = YES;
				SDKROOT = iphoneos;
				SWIFT_ACTIVE_COMPILATION_CONDITIONS = DEBUG;
				SWIFT_OPTIMIZATION_LEVEL = "-Onone";
			};
			name = Debug;
		};
		E747D0D1230E82920099E1D4 /* Release */ = {
			isa = XCBuildConfiguration;
			buildSettings = {
				ALWAYS_SEARCH_USER_PATHS = NO;
				CLANG_ANALYZER_NONNULL = YES;
				CLANG_ANALYZER_NUMBER_OBJECT_CONVERSION = YES_AGGRESSIVE;
				CLANG_CXX_LANGUAGE_STANDARD = "gnu++14";
				CLANG_CXX_LIBRARY = "libc++";
				CLANG_ENABLE_MODULES = YES;
				CLANG_ENABLE_OBJC_ARC = YES;
				CLANG_ENABLE_OBJC_WEAK = YES;
				CLANG_WARN_BLOCK_CAPTURE_AUTORELEASING = YES;
				CLANG_WARN_BOOL_CONVERSION = YES;
				CLANG_WARN_COMMA = YES;
				CLANG_WARN_CONSTANT_CONVERSION = YES;
				CLANG_WARN_DEPRECATED_OBJC_IMPLEMENTATIONS = YES;
				CLANG_WARN_DIRECT_OBJC_ISA_USAGE = YES_ERROR;
				CLANG_WARN_DOCUMENTATION_COMMENTS = YES;
				CLANG_WARN_EMPTY_BODY = YES;
				CLANG_WARN_ENUM_CONVERSION = YES;
				CLANG_WARN_INFINITE_RECURSION = YES;
				CLANG_WARN_INT_CONVERSION = YES;
				CLANG_WARN_NON_LITERAL_NULL_CONVERSION = YES;
				CLANG_WARN_OBJC_IMPLICIT_RETAIN_SELF = YES;
				CLANG_WARN_OBJC_LITERAL_CONVERSION = YES;
				CLANG_WARN_OBJC_ROOT_CLASS = YES_ERROR;
				CLANG_WARN_RANGE_LOOP_ANALYSIS = YES;
				CLANG_WARN_STRICT_PROTOTYPES = YES;
				CLANG_WARN_SUSPICIOUS_MOVE = YES;
				CLANG_WARN_UNGUARDED_AVAILABILITY = YES_AGGRESSIVE;
				CLANG_WARN_UNREACHABLE_CODE = YES;
				CLANG_WARN__DUPLICATE_METHOD_MATCH = YES;
				CODE_SIGN_IDENTITY = "iPhone Developer";
				COPY_PHASE_STRIP = NO;
				DEBUG_INFORMATION_FORMAT = "dwarf-with-dsym";
				ENABLE_NS_ASSERTIONS = NO;
				ENABLE_STRICT_OBJC_MSGSEND = YES;
				GCC_C_LANGUAGE_STANDARD = gnu11;
				GCC_NO_COMMON_BLOCKS = YES;
				GCC_WARN_64_TO_32_BIT_CONVERSION = YES;
				GCC_WARN_ABOUT_RETURN_TYPE = YES_ERROR;
				GCC_WARN_UNDECLARED_SELECTOR = YES;
				GCC_WARN_UNINITIALIZED_AUTOS = YES_AGGRESSIVE;
				GCC_WARN_UNUSED_FUNCTION = YES;
				GCC_WARN_UNUSED_VARIABLE = YES;
				IPHONEOS_DEPLOYMENT_TARGET = 12.4;
				MTL_ENABLE_DEBUG_INFO = NO;
				MTL_FAST_MATH = YES;
				SDKROOT = iphoneos;
				SWIFT_COMPILATION_MODE = wholemodule;
				SWIFT_OPTIMIZATION_LEVEL = "-O";
				VALIDATE_PRODUCT = YES;
			};
			name = Release;
		};
		E747D0D3230E82920099E1D4 /* Debug */ = {
			isa = XCBuildConfiguration;
			buildSettings = {
				ASSETCATALOG_COMPILER_APPICON_NAME = AppIcon;
				CLANG_CXX_LIBRARY = "libc++";
				CLANG_ENABLE_MODULES = YES;
				CODE_SIGN_STYLE = Automatic;
				DEVELOPMENT_TEAM = Z55EW6H4D7;
				FRAMEWORK_SEARCH_PATHS = (
					"$(inherited)",
					"$(PROJECT_DIR)",
				);
				INFOPLIST_FILE = AudioKitSampleRate/Info.plist;
				LD_RUNPATH_SEARCH_PATHS = (
					"$(inherited)",
					"@executable_path/Frameworks",
				);
				PRODUCT_BUNDLE_IDENTIFIER = com.nomad5.AudioKitSampleRate;
				PRODUCT_NAME = "$(TARGET_NAME)";
				SWIFT_OBJC_BRIDGING_HEADER = "AudioKitSampleRate/AudioKitSampleRate-Bridging-Header.h";
				SWIFT_OPTIMIZATION_LEVEL = "-Onone";
				SWIFT_VERSION = 5.0;
				TARGETED_DEVICE_FAMILY = "1,2";
			};
			name = Debug;
		};
		E747D0D4230E82920099E1D4 /* Release */ = {
			isa = XCBuildConfiguration;
			buildSettings = {
				ASSETCATALOG_COMPILER_APPICON_NAME = AppIcon;
				CLANG_CXX_LIBRARY = "libc++";
				CLANG_ENABLE_MODULES = YES;
				CODE_SIGN_STYLE = Automatic;
				DEVELOPMENT_TEAM = Z55EW6H4D7;
				FRAMEWORK_SEARCH_PATHS = (
					"$(inherited)",
					"$(PROJECT_DIR)",
				);
				INFOPLIST_FILE = AudioKitSampleRate/Info.plist;
				LD_RUNPATH_SEARCH_PATHS = (
					"$(inherited)",
					"@executable_path/Frameworks",
				);
				PRODUCT_BUNDLE_IDENTIFIER = com.nomad5.AudioKitSampleRate;
				PRODUCT_NAME = "$(TARGET_NAME)";
				SWIFT_OBJC_BRIDGING_HEADER = "AudioKitSampleRate/AudioKitSampleRate-Bridging-Header.h";
				SWIFT_VERSION = 5.0;
				TARGETED_DEVICE_FAMILY = "1,2";
			};
			name = Release;
		};
/* End XCBuildConfiguration section */

/* Begin XCConfigurationList section */
		E747D0BB230E82900099E1D4 /* Build configuration list for PBXProject "AudioKitSampleRate" */ = {
			isa = XCConfigurationList;
			buildConfigurations = (
				E747D0D0230E82920099E1D4 /* Debug */,
				E747D0D1230E82920099E1D4 /* Release */,
			);
			defaultConfigurationIsVisible = 0;
			defaultConfigurationName = Release;
		};
		E747D0D2230E82920099E1D4 /* Build configuration list for PBXNativeTarget "AudioKitSampleRate" */ = {
			isa = XCConfigurationList;
			buildConfigurations = (
				E747D0D3230E82920099E1D4 /* Debug */,
				E747D0D4230E82920099E1D4 /* Release */,
			);
			defaultConfigurationIsVisible = 0;
			defaultConfigurationName = Release;
		};
/* End XCConfigurationList section */
	};
	rootObject = E747D0B8230E82900099E1D4 /* Project object */;
}
