<?xml version="1.0" encoding="UTF-8"?>
<Scheme
   version = "1.3">
   <BuildAction>
      <BuildActionEntries>
         <BuildActionEntry
            buildForRunning = "YES">
            <BuildableReference
               BuildableIdentifier = "primary"
               BlueprintIdentifier = "E747D0BF230E82900099E1D4"
               BuildableName = "AudioKitSampleRate.app"
               BlueprintName = "AudioKitSampleRate"
               ReferencedContainer = "container:AudioKitSampleRate.xcodeproj">
            </BuildableReference>
         </BuildActionEntry>
      </BuildActionEntries>
   </BuildAction>
   <LaunchAction
      useCustomWorkingDirectory = "NO"
      buildConfiguration = "Debug"
      allowLocationSimulation = "YES">
      <BuildableProductRunnable>
         <BuildableReference
            BuildableIdentifier = "primary"
            BlueprintIdentifier = "E747D0BF230E82900099E1D4"
            BuildableName = "AudioKitSampleRate.app"
            BlueprintName = "AudioKitSampleRate"
            ReferencedContainer = "container:AudioKitSampleRate.xcodeproj">
         </BuildableReference>
      </BuildableProductRunnable>
   </LaunchAction>
</Scheme>
